{
    "name": "shih-yun--admin",
    "lockfileVersion": 3,
    "requires": true,
    "packages": {
        "": {
            "hasInstallScript": true,
            "dependencies": {
                "@simoko/tw-zip": "^0.1.4"
            }
        },
        "node_modules/@simoko/tw-zip": {
            "version": "0.1.4",
            "resolved": "https://registry.npmjs.org/@simoko/tw-zip/-/tw-zip-0.1.4.tgz",
            "integrity": "sha512-wZJuscFnUsoScTDFbxJ2mv8+tXQOAnfyaPC8eN8m1z5FEp55QU/FHQddGZQJsMiuSQyz8YB9OLF/noNcRYd4DQ==",
            "license": "MIT"
        }
    }
}
